// !$*UTF8*$!
{
	archiveVersion = 1;
	classes = {
	};
	objectVersion = 46;
	objects = {

/* Begin PBXBuildFile section */
		EB67F32A1EEB98F900D87B3F /* AGLKView.m in Sources */ = {isa = PBXBuildFile; fileRef = EB67F3291EEB98F900D87B3F /* AGLKView.m */; };
		EB98E2E01EEE6B63003979F6 /* AGLKContext.m in Sources */ = {isa = PBXBuildFile; fileRef = EB98E2DF1EEE6B63003979F6 /* AGLKContext.m */; };
		EB98E2E31EEE6E90003979F6 /* AGLKVertextAttribArrayBuffer.m in Sources */ = {isa = PBXBuildFile; fileRef = EB98E2E21EEE6E90003979F6 /* AGLKVertextAttribArrayBuffer.m */; };
		EB98E2E61EEE8A82003979F6 /* OpenGLES_2_3ViewController.m in Sources */ = {isa = PBXBuildFile; fileRef = EB98E2E51EEE8A82003979F6 /* OpenGLES_2_3ViewController.m */; };
		EBF0A0291EEA4C73006CCEBA /* main.m in Sources */ = {isa = PBXBuildFile; fileRef = EBF0A0281EEA4C73006CCEBA /* main.m */; };
		EBF0A02C1EEA4C73006CCEBA /* AppDelegate.m in Sources */ = {isa = PBXBuildFile; fileRef = EBF0A02B1EEA4C73006CCEBA /* AppDelegate.m */; };
		EBF0A02F1EEA4C73006CCEBA /* ViewController.m in Sources */ = {isa = PBXBuildFile; fileRef = EBF0A02E1EEA4C73006CCEBA /* ViewController.m */; };
		EBF0A0321EEA4C73006CCEBA /* Main.storyboard in Resources */ = {isa = PBXBuildFile; fileRef = EBF0A0301EEA4C73006CCEBA /* Main.storyboard */; };
		EBF0A0341EEA4C73006CCEBA /* Assets.xcassets in Resources */ = {isa = PBXBuildFile; fileRef = EBF0A0331EEA4C73006CCEBA /* Assets.xcassets */; };
		EBF0A0371EEA4C73006CCEBA /* LaunchScreen.storyboard in Resources */ = {isa = PBXBuildFile; fileRef = EBF0A0351EEA4C73006CCEBA /* LaunchScreen.storyboard */; };
		EBF0A0401EEA4EDE006CCEBA /* OpenGLES_2_1ViewController.m in Sources */ = {isa = PBXBuildFile; fileRef = EBF0A03F1EEA4EDE006CCEBA /* OpenGLES_2_1ViewController.m */; };
/* End PBXBuildFile section */

/* Begin PBXFileReference section */
		EB67F3281EEB98F900D87B3F /* AGLKView.h */ = {isa = PBXFileReference; fileEncoding = 4; lastKnownFileType = sourcecode.c.h; path = AGLKView.h; sourceTree = "<group>"; };
		EB67F3291EEB98F900D87B3F /* AGLKView.m */ = {isa = PBXFileReference; fileEncoding = 4; lastKnownFileType = sourcecode.c.objc; path = AGLKView.m; sourceTree = "<group>"; };
		EB98E2DE1EEE6B63003979F6 /* AGLKContext.h */ = {isa = PBXFileReference; fileEncoding = 4; lastKnownFileType = sourcecode.c.h; path = AGLKContext.h; sourceTree = "<group>"; };
		EB98E2DF1EEE6B63003979F6 /* AGLKContext.m */ = {isa = PBXFileReference; fileEncoding = 4; lastKnownFileType = sourcecode.c.objc; path = AGLKContext.m; sourceTree = "<group>"; };
		EB98E2E11EEE6E90003979F6 /* AGLKVertextAttribArrayBuffer.h */ = {isa = PBXFileReference; fileEncoding = 4; lastKnownFileType = sourcecode.c.h; path = AGLKVertextAttribArrayBuffer.h; sourceTree = "<group>"; };
		EB98E2E21EEE6E90003979F6 /* AGLKVertextAttribArrayBuffer.m */ = {isa = PBXFileReference; fileEncoding = 4; lastKnownFileType = sourcecode.c.objc; path = AGLKVertextAttribArrayBuffer.m; sourceTree = "<group>"; };
		EB98E2E41EEE8A82003979F6 /* OpenGLES_2_3ViewController.h */ = {isa = PBXFileReference; fileEncoding = 4; lastKnownFileType = sourcecode.c.h; path = OpenGLES_2_3ViewController.h; sourceTree = "<group>"; };
		EB98E2E51EEE8A82003979F6 /* OpenGLES_2_3ViewController.m */ = {isa = PBXFileReference; fileEncoding = 4; lastKnownFileType = sourcecode.c.objc; path = OpenGLES_2_3ViewController.m; sourceTree = "<group>"; };
		EBF0A0241EEA4C73006CCEBA /* OpenGLES_2_1Demo.app */ = {isa = PBXFileReference; explicitFileType = wrapper.application; includeInIndex = 0; path = OpenGLES_2_1Demo.app; sourceTree = BUILT_PRODUCTS_DIR; };
		EBF0A0281EEA4C73006CCEBA /* main.m */ = {isa = PBXFileReference; lastKnownFileType = sourcecode.c.objc; path = main.m; sourceTree = "<group>"; };
		EBF0A02A1EEA4C73006CCEBA /* AppDelegate.h */ = {isa = PBXFileReference; lastKnownFileType = sourcecode.c.h; path = AppDelegate.h; sourceTree = "<group>"; };
		EBF0A02B1EEA4C73006CCEBA /* AppDelegate.m */ = {isa = PBXFileReference; lastKnownFileType = sourcecode.c.objc; path = AppDelegate.m; sourceTree = "<group>"; };
		EBF0A02D1EEA4C73006CCEBA /* ViewController.h */ = {isa = PBXFileReference; lastKnownFileType = sourcecode.c.h; path = ViewController.h; sourceTree = "<group>"; };
		EBF0A02E1EEA4C73006CCEBA /* ViewController.m */ = {isa = PBXFileReference; lastKnownFileType = sourcecode.c.objc; path = ViewController.m; sourceTree = "<group>"; };
		EBF0A0311EEA4C73006CCEBA /* Base */ = {isa = PBXFileReference; lastKnownFileType = file.storyboard; name = Base; path = Base.lproj/Main.storyboard; sourceTree = "<group>"; };
		EBF0A0331EEA4C73006CCEBA /* Assets.xcassets */ = {isa = PBXFileReference; lastKnownFileType = folder.assetcatalog; path = Assets.xcassets; sourceTree = "<group>"; };
		EBF0A0361EEA4C73006CCEBA /* Base */ = {isa = PBXFileReference; lastKnownFileType = file.storyboard; name = Base; path = Base.lproj/LaunchScreen.storyboard; sourceTree = "<group>"; };
		EBF0A0381EEA4C73006CCEBA /* Info.plist */ = {isa = PBXFileReference; lastKnownFileType = text.plist.xml; path = Info.plist; sourceTree = "<group>"; };
		EBF0A03E1EEA4EDE006CCEBA /* OpenGLES_2_1ViewController.h */ = {isa = PBXFileReference; fileEncoding = 4; lastKnownFileType = sourcecode.c.h; path = OpenGLES_2_1ViewController.h; sourceTree = "<group>"; };
		EBF0A03F1EEA4EDE006CCEBA /* OpenGLES_2_1ViewController.m */ = {isa = PBXFileReference; fileEncoding = 4; lastKnownFileType = sourcecode.c.objc; path = OpenGLES_2_1ViewController.m; sourceTree = "<group>"; };
/* End PBXFileReference section */

/* Begin PBXFrameworksBuildPhase section */
		EBF0A0211EEA4C73006CCEBA /* Frameworks */ = {
			isa = PBXFrameworksBuildPhase;
			buildActionMask = 2147483647;
			files = (
			);
			runOnlyForDeploymentPostprocessing = 0;
		};
/* End PBXFrameworksBuildPhase section */

/* Begin PBXGroup section */
		EBF0A01B1EEA4C73006CCEBA = {
			isa = PBXGroup;
			children = (
				EBF0A0261EEA4C73006CCEBA /* OpenGLES_2_1Demo */,
				EBF0A0251EEA4C73006CCEBA /* Products */,
			);
			sourceTree = "<group>";
		};
		EBF0A0251EEA4C73006CCEBA /* Products */ = {
			isa = PBXGroup;
			children = (
				EBF0A0241EEA4C73006CCEBA /* OpenGLES_2_1Demo.app */,
			);
			name = Products;
			sourceTree = "<group>";
		};
		EBF0A0261EEA4C73006CCEBA /* OpenGLES_2_1Demo */ = {
			isa = PBXGroup;
			children = (
				EBF0A02A1EEA4C73006CCEBA /* AppDelegate.h */,
				EBF0A02B1EEA4C73006CCEBA /* AppDelegate.m */,
				EB98E2E11EEE6E90003979F6 /* AGLKVertextAttribArrayBuffer.h */,
				EB98E2E21EEE6E90003979F6 /* AGLKVertextAttribArrayBuffer.m */,
				EB98E2DE1EEE6B63003979F6 /* AGLKContext.h */,
				EB98E2DF1EEE6B63003979F6 /* AGLKContext.m */,
				EB67F3281EEB98F900D87B3F /* AGLKView.h */,
				EB67F3291EEB98F900D87B3F /* AGLKView.m */,
				EBF0A02D1EEA4C73006CCEBA /* ViewController.h */,
				EBF0A02E1EEA4C73006CCEBA /* ViewController.m */,
				EBF0A03E1EEA4EDE006CCEBA /* OpenGLES_2_1ViewController.h */,
				EBF0A03F1EEA4EDE006CCEBA /* OpenGLES_2_1ViewController.m */,
				EB98E2E41EEE8A82003979F6 /* OpenGLES_2_3ViewController.h */,
				EB98E2E51EEE8A82003979F6 /* OpenGLES_2_3ViewController.m */,
				EBF0A0301EEA4C73006CCEBA /* Main.storyboard */,
				EBF0A0331EEA4C73006CCEBA /* Assets.xcassets */,
				EBF0A0351EEA4C73006CCEBA /* LaunchScreen.storyboard */,
				EBF0A0381EEA4C73006CCEBA /* Info.plist */,
				EBF0A0271EEA4C73006CCEBA /* Supporting Files */,
			);
			path = OpenGLES_2_1Demo;
			sourceTree = "<group>";
		};
		EBF0A0271EEA4C73006CCEBA /* Supporting Files */ = {
			isa = PBXGroup;
			children = (
				EBF0A0281EEA4C73006CCEBA /* main.m */,
			);
			name = "Supporting Files";
			sourceTree = "<group>";
		};
/* End PBXGroup section */

/* Begin PBXNativeTarget section */
		EBF0A0231EEA4C73006CCEBA /* OpenGLES_2_1Demo */ = {
			isa = PBXNativeTarget;
			buildConfigurationList = EBF0A03B1EEA4C73006CCEBA /* Build configuration list for PBXNativeTarget "OpenGLES_2_1Demo" */;
			buildPhases = (
				EBF0A0201EEA4C73006CCEBA /* Sources */,
				EBF0A0211EEA4C73006CCEBA /* Frameworks */,
				EBF0A0221EEA4C73006CCEBA /* Resources */,
			);
			buildRules = (
			);
			dependencies = (
			);
			name = OpenGLES_2_1Demo;
			productName = OpenGLES_2_1Demo;
			productReference = EBF0A0241EEA4C73006CCEBA /* OpenGLES_2_1Demo.app */;
			productType = "com.apple.product-type.application";
		};
/* End PBXNativeTarget section */

/* Begin PBXProject section */
		EBF0A01C1EEA4C73006CCEBA /* Project object */ = {
			isa = PBXProject;
			attributes = {
				LastUpgradeCheck = 0830;
				ORGANIZATIONNAME = Ace;
				TargetAttributes = {
					EBF0A0231EEA4C73006CCEBA = {
						CreatedOnToolsVersion = 8.3.2;
						DevelopmentTeam = W8H3Q3ABFN;
						ProvisioningStyle = Automatic;
					};
				};
			};
			buildConfigurationList = EBF0A01F1EEA4C73006CCEBA /* Build configuration list for PBXProject "OpenGLES_2_1Demo" */;
			compatibilityVersion = "Xcode 3.2";
			developmentRegion = English;
			hasScannedForEncodings = 0;
			knownRegions = (
				en,
				Base,
			);
			mainGroup = EBF0A01B1EEA4C73006CCEBA;
			productRefGroup = EBF0A0251EEA4C73006CCEBA /* Products */;
			projectDirPath = "";
			projectRoot = "";
			targets = (
				EBF0A0231EEA4C73006CCEBA /* OpenGLES_2_1Demo */,
			);
		};
/* End PBXProject section */

/* Begin PBXResourcesBuildPhase section */
		EBF0A0221EEA4C73006CCEBA /* Resources */ = {
			isa = PBXResourcesBuildPhase;
			buildActionMask = 2147483647;
			files = (
				EBF0A0371EEA4C73006CCEBA /* LaunchScreen.storyboard in Resources */,
				EBF0A0341EEA4C73006CCEBA /* Assets.xcassets in Resources */,
				EBF0A0321EEA4C73006CCEBA /* Main.storyboard in Resources */,
			);
			runOnlyForDeploymentPostprocessing = 0;
		};
/* End PBXResourcesBuildPhase section */

/* Begin PBXSourcesBuildPhase section */
		EBF0A0201EEA4C73006CCEBA /* Sources */ = {
			isa = PBXSourcesBuildPhase;
			buildActionMask = 2147483647;
			files = (
				EB98E2E01EEE6B63003979F6 /* AGLKContext.m in Sources */,
				EB98E2E31EEE6E90003979F6 /* AGLKVertextAttribArrayBuffer.m in Sources */,
				EB67F32A1EEB98F900D87B3F /* AGLKView.m in Sources */,
				EBF0A0401EEA4EDE006CCEBA /* OpenGLES_2_1ViewController.m in Sources */,
				EBF0A02F1EEA4C73006CCEBA /* ViewController.m in Sources */,
				EBF0A02C1EEA4C73006CCEBA /* AppDelegate.m in Sources */,
				EB98E2E61EEE8A82003979F6 /* OpenGLES_2_3ViewController.m in Sources */,
				EBF0A0291EEA4C73006CCEBA /* main.m in Sources */,
			);
			runOnlyForDeploymentPostprocessing = 0;
		};
/* End PBXSourcesBuildPhase section */

/* Begin PBXVariantGroup section */
		EBF0A0301EEA4C73006CCEBA /* Main.storyboard */ = {
			isa = PBXVariantGroup;
			children = (
				EBF0A0311EEA4C73006CCEBA /* Base */,
			);
			name = Main.storyboard;
			sourceTree = "<group>";
		};
		EBF0A0351EEA4C73006CCEBA /* LaunchScreen.storyboard */ = {
			isa = PBXVariantGroup;
			children = (
				EBF0A0361EEA4C73006CCEBA /* Base */,
			);
			name = LaunchScreen.storyboard;
			sourceTree = "<group>";
		};
/* End PBXVariantGroup section */

/* Begin XCBuildConfiguration section */
		EBF0A0391EEA4C73006CCEBA /* Debug */ = {
			isa = XCBuildConfiguration;
			buildSettings = {
				ALWAYS_SEARCH_USER_PATHS = NO;
				CLANG_ANALYZER_NONNULL = YES;
				CLANG_ANALYZER_NUMBER_OBJECT_CONVERSION = YES_AGGRESSIVE;
				CLANG_CXX_LANGUAGE_STANDARD = "gnu++0x";
				CLANG_CXX_LIBRARY = "libc++";
				CLANG_ENABLE_MODULES = YES;
				CLANG_ENABLE_OBJC_ARC = YES;
				CLANG_WARN_BOOL_CONVERSION = YES;
				CLANG_WARN_CONSTANT_CONVERSION = YES;
				CLANG_WARN_DIRECT_OBJC_ISA_USAGE = YES_ERROR;
				CLANG_WARN_DOCUMENTATION_COMMENTS = YES;
				CLANG_WARN_EMPTY_BODY = YES;
				CLANG_WARN_ENUM_CONVERSION = YES;
				CLANG_WARN_INFINITE_RECURSION = YES;
				CLANG_WARN_INT_CONVERSION = YES;
				CLANG_WARN_OBJC_ROOT_CLASS = YES_ERROR;
				CLANG_WARN_SUSPICIOUS_MOVE = YES;
				CLANG_WARN_UNREACHABLE_CODE = YES;
				CLANG_WARN__DUPLICATE_METHOD_MATCH = YES;
				"CODE_SIGN_IDENTITY[sdk=iphoneos*]" = "iPhone Developer";
				COPY_PHASE_STRIP = NO;
				DEBUG_INFORMATION_FORMAT = dwarf;
				ENABLE_STRICT_OBJC_MSGSEND = YES;
				ENABLE_TESTABILITY = YES;
				GCC_C_LANGUAGE_STANDARD = gnu99;
				GCC_DYNAMIC_NO_PIC = NO;
				GCC_NO_COMMON_BLOCKS = YES;
				GCC_OPTIMIZATION_LEVEL = 0;
				GCC_PREPROCESSOR_DEFINITIONS = (
					"DEBUG=1",
					"$(inherited)",
				);
				GCC_WARN_64_TO_32_BIT_CONVERSION = YES;
				GCC_WARN_ABOUT_RETURN_TYPE = YES_ERROR;
				GCC_WARN_UNDECLARED_SELECTOR = YES;
				GCC_WARN_UNINITIALIZED_AUTOS = YES_AGGRESSIVE;
				GCC_WARN_UNUSED_FUNCTION = YES;
				GCC_WARN_UNUSED_VARIABLE = YES;
				IPHONEOS_DEPLOYMENT_TARGET = 10.3;
				MTL_ENABLE_DEBUG_INFO = YES;
				ONLY_ACTIVE_ARCH = YES;
				SDKROOT = iphoneos;
				TARGETED_DEVICE_FAMILY = "1,2";
			};
			name = Debug;
		};
		EBF0A03A1EEA4C73006CCEBA /* Release */ = {
			isa = XCBuildConfiguration;
			buildSettings = {
				ALWAYS_SEARCH_USER_PATHS = NO;
				CLANG_ANALYZER_NONNULL = YES;
				CLANG_ANALYZER_NUMBER_OBJECT_CONVERSION = YES_AGGRESSIVE;
				CLANG_CXX_LANGUAGE_STANDARD = "gnu++0x";
				CLANG_CXX_LIBRARY = "libc++";
				CLANG_ENABLE_MODULES = YES;
				CLANG_ENABLE_OBJC_ARC = YES;
				CLANG_WARN_BOOL_CONVERSION = YES;
				CLANG_WARN_CONSTANT_CONVERSION = YES;
				CLANG_WARN_DIRECT_OBJC_ISA_USAGE = YES_ERROR;
				CLANG_WARN_DOCUMENTATION_COMMENTS = YES;
				CLANG_WARN_EMPTY_BODY = YES;
				CLANG_WARN_ENUM_CONVERSION = YES;
				CLANG_WARN_INFINITE_RECURSION = YES;
				CLANG_WARN_INT_CONVERSION = YES;
				CLANG_WARN_OBJC_ROOT_CLASS = YES_ERROR;
				CLANG_WARN_SUSPICIOUS_MOVE = YES;
				CLANG_WARN_UNREACHABLE_CODE = YES;
				CLANG_WARN__DUPLICATE_METHOD_MATCH = YES;
				"CODE_SIGN_IDENTITY[sdk=iphoneos*]" = "iPhone Developer";
				COPY_PHASE_STRIP = NO;
				DEBUG_INFORMATION_FORMAT = "dwarf-with-dsym";
				ENABLE_NS_ASSERTIONS = NO;
				ENABLE_STRICT_OBJC_MSGSEND = YES;
				GCC_C_LANGUAGE_STANDARD = gnu99;
				GCC_NO_COMMON_BLOCKS = YES;
				GCC_WARN_64_TO_32_BIT_CONVERSION = YES;
				GCC_WARN_ABOUT_RETURN_TYPE = YES_ERROR;
				GCC_WARN_UNDECLARED_SELECTOR = YES;
				GCC_WARN_UNINITIALIZED_AUTOS = YES_AGGRESSIVE;
				GCC_WARN_UNUSED_FUNCTION = YES;
				GCC_WARN_UNUSED_VARIABLE = YES;
				IPHONEOS_DEPLOYMENT_TARGET = 10.3;
				MTL_ENABLE_DEBUG_INFO = NO;
				SDKROOT = iphoneos;
				TARGETED_DEVICE_FAMILY = "1,2";
				VALIDATE_PRODUCT = YES;
			};
			name = Release;
		};
		EBF0A03C1EEA4C73006CCEBA /* Debug */ = {
			isa = XCBuildConfiguration;
			buildSettings = {
				ASSETCATALOG_COMPILER_APPICON_NAME = AppIcon;
				DEVELOPMENT_TEAM = W8H3Q3ABFN;
				INFOPLIST_FILE = OpenGLES_2_1Demo/Info.plist;
				LD_RUNPATH_SEARCH_PATHS = "$(inherited) @executable_path/Frameworks";
				PRODUCT_BUNDLE_IDENTIFIER = "goscam.com.OpenGLES-2-1Demo";
				PRODUCT_NAME = "$(TARGET_NAME)";
			};
			name = Debug;
		};
		EBF0A03D1EEA4C73006CCEBA /* Release */ = {
			isa = XCBuildConfiguration;
			buildSettings = {
				ASSETCATALOG_COMPILER_APPICON_NAME = AppIcon;
				DEVELOPMENT_TEAM = W8H3Q3ABFN;
				INFOPLIST_FILE = OpenGLES_2_1Demo/Info.plist;
				LD_RUNPATH_SEARCH_PATHS = "$(inherited) @executable_path/Frameworks";
				PRODUCT_BUNDLE_IDENTIFIER = "goscam.com.OpenGLES-2-1Demo";
				PRODUCT_NAME = "$(TARGET_NAME)";
			};
			name = Release;
		};
/* End XCBuildConfiguration section */

/* Begin XCConfigurationList section */
		EBF0A01F1EEA4C73006CCEBA /* Build configuration list for PBXProject "OpenGLES_2_1Demo" */ = {
			isa = XCConfigurationList;
			buildConfigurations = (
				EBF0A0391EEA4C73006CCEBA /* Debug */,
				EBF0A03A1EEA4C73006CCEBA /* Release */,
			);
			defaultConfigurationIsVisible = 0;
			defaultConfigurationName = Release;
		};
		EBF0A03B1EEA4C73006CCEBA /* Build configuration list for PBXNativeTarget "OpenGLES_2_1Demo" */ = {
			isa = XCConfigurationList;
			buildConfigurations = (
				EBF0A03C1EEA4C73006CCEBA /* Debug */,
				EBF0A03D1EEA4C73006CCEBA /* Release */,
			);
			defaultConfigurationIsVisible = 0;
			defaultConfigurationName = Release;
		};
/* End XCConfigurationList section */
	};
	rootObject = EBF0A01C1EEA4C73006CCEBA /* Project object */;
}
