// !$*UTF8*$!
{
	archiveVersion = 1;
	classes = {
	};
	objectVersion = 48;
	objects = {

/* Begin PBXBuildFile section */
		7612147E20A2C7D800A1FDD2 /* AppDelegate.m in Sources */ = {isa = PBXBuildFile; fileRef = 7612147D20A2C7D800A1FDD2 /* AppDelegate.m */; };
		7612148120A2C7D900A1FDD2 /* ViewController.m in Sources */ = {isa = PBXBuildFile; fileRef = 7612148020A2C7D900A1FDD2 /* ViewController.m */; };
		7612148420A2C7D900A1FDD2 /* Main.storyboard in Resources */ = {isa = PBXBuildFile; fileRef = 7612148220A2C7D900A1FDD2 /* Main.storyboard */; };
		7612148620A2C7D900A1FDD2 /* Assets.xcassets in Resources */ = {isa = PBXBuildFile; fileRef = 7612148520A2C7D900A1FDD2 /* Assets.xcassets */; };
		7612148920A2C7D900A1FDD2 /* LaunchScreen.storyboard in Resources */ = {isa = PBXBuildFile; fileRef = 7612148720A2C7D900A1FDD2 /* LaunchScreen.storyboard */; };
		7612148C20A2C7D900A1FDD2 /* main.m in Sources */ = {isa = PBXBuildFile; fileRef = 7612148B20A2C7D900A1FDD2 /* main.m */; };
		7612149520A2CBF600A1FDD2 /* OpenGLES_3_2ViewController.m in Sources */ = {isa = PBXBuildFile; fileRef = 7612149320A2CBF500A1FDD2 /* OpenGLES_3_2ViewController.m */; };
		7612149620A2CBF600A1FDD2 /* OpenGLES_3_2ViewController.xib in Resources */ = {isa = PBXBuildFile; fileRef = 7612149420A2CBF600A1FDD2 /* OpenGLES_3_2ViewController.xib */; };
		7612149820A2CEAA00A1FDD2 /* grid.png in Resources */ = {isa = PBXBuildFile; fileRef = 7612149720A2CEAA00A1FDD2 /* grid.png */; };
		76B4B74720AACC78000F8BB5 /* OpenGLBlendTestViewController.m in Sources */ = {isa = PBXBuildFile; fileRef = 76B4B74620AACC78000F8BB5 /* OpenGLBlendTestViewController.m */; };
		76B4B74A20AAD017000F8BB5 /* beetle.png in Resources */ = {isa = PBXBuildFile; fileRef = 76B4B74820AAD017000F8BB5 /* beetle.png */; };
		76B4B74B20AAD017000F8BB5 /* leaves.gif in Resources */ = {isa = PBXBuildFile; fileRef = 76B4B74920AAD017000F8BB5 /* leaves.gif */; };
		76B4B74E20AAD3CB000F8BB5 /* OpenGLMultitextureViewController.m in Sources */ = {isa = PBXBuildFile; fileRef = 76B4B74D20AAD3CB000F8BB5 /* OpenGLMultitextureViewController.m */; };
/* End PBXBuildFile section */

/* Begin PBXFileReference section */
		7612147920A2C7D800A1FDD2 /* 纹理取样循环多重纹理.app */ = {isa = PBXFileReference; explicitFileType = wrapper.application; includeInIndex = 0; path = "纹理取样循环多重纹理.app"; sourceTree = BUILT_PRODUCTS_DIR; };
		7612147C20A2C7D800A1FDD2 /* AppDelegate.h */ = {isa = PBXFileReference; lastKnownFileType = sourcecode.c.h; path = AppDelegate.h; sourceTree = "<group>"; };
		7612147D20A2C7D800A1FDD2 /* AppDelegate.m */ = {isa = PBXFileReference; lastKnownFileType = sourcecode.c.objc; path = AppDelegate.m; sourceTree = "<group>"; };
		7612147F20A2C7D800A1FDD2 /* ViewController.h */ = {isa = PBXFileReference; lastKnownFileType = sourcecode.c.h; path = ViewController.h; sourceTree = "<group>"; };
		7612148020A2C7D900A1FDD2 /* ViewController.m */ = {isa = PBXFileReference; lastKnownFileType = sourcecode.c.objc; path = ViewController.m; sourceTree = "<group>"; };
		7612148320A2C7D900A1FDD2 /* Base */ = {isa = PBXFileReference; lastKnownFileType = file.storyboard; name = Base; path = Base.lproj/Main.storyboard; sourceTree = "<group>"; };
		7612148520A2C7D900A1FDD2 /* Assets.xcassets */ = {isa = PBXFileReference; lastKnownFileType = folder.assetcatalog; path = Assets.xcassets; sourceTree = "<group>"; };
		7612148820A2C7D900A1FDD2 /* Base */ = {isa = PBXFileReference; lastKnownFileType = file.storyboard; name = Base; path = Base.lproj/LaunchScreen.storyboard; sourceTree = "<group>"; };
		7612148A20A2C7D900A1FDD2 /* Info.plist */ = {isa = PBXFileReference; lastKnownFileType = text.plist.xml; path = Info.plist; sourceTree = "<group>"; };
		7612148B20A2C7D900A1FDD2 /* main.m */ = {isa = PBXFileReference; lastKnownFileType = sourcecode.c.objc; path = main.m; sourceTree = "<group>"; };
		7612149220A2CBF500A1FDD2 /* OpenGLES_3_2ViewController.h */ = {isa = PBXFileReference; fileEncoding = 4; lastKnownFileType = sourcecode.c.h; path = OpenGLES_3_2ViewController.h; sourceTree = "<group>"; };
		7612149320A2CBF500A1FDD2 /* OpenGLES_3_2ViewController.m */ = {isa = PBXFileReference; fileEncoding = 4; lastKnownFileType = sourcecode.c.objc; path = OpenGLES_3_2ViewController.m; sourceTree = "<group>"; };
		7612149420A2CBF600A1FDD2 /* OpenGLES_3_2ViewController.xib */ = {isa = PBXFileReference; fileEncoding = 4; lastKnownFileType = file.xib; path = OpenGLES_3_2ViewController.xib; sourceTree = "<group>"; };
		7612149720A2CEAA00A1FDD2 /* grid.png */ = {isa = PBXFileReference; lastKnownFileType = image.png; path = grid.png; sourceTree = "<group>"; };
		76B4B74520AACC78000F8BB5 /* OpenGLBlendTestViewController.h */ = {isa = PBXFileReference; lastKnownFileType = sourcecode.c.h; path = OpenGLBlendTestViewController.h; sourceTree = "<group>"; };
		76B4B74620AACC78000F8BB5 /* OpenGLBlendTestViewController.m */ = {isa = PBXFileReference; lastKnownFileType = sourcecode.c.objc; path = OpenGLBlendTestViewController.m; sourceTree = "<group>"; };
		76B4B74820AAD017000F8BB5 /* beetle.png */ = {isa = PBXFileReference; lastKnownFileType = image.png; path = beetle.png; sourceTree = "<group>"; };
		76B4B74920AAD017000F8BB5 /* leaves.gif */ = {isa = PBXFileReference; lastKnownFileType = image.gif; path = leaves.gif; sourceTree = "<group>"; };
		76B4B74C20AAD3CB000F8BB5 /* OpenGLMultitextureViewController.h */ = {isa = PBXFileReference; lastKnownFileType = sourcecode.c.h; path = OpenGLMultitextureViewController.h; sourceTree = "<group>"; };
		76B4B74D20AAD3CB000F8BB5 /* OpenGLMultitextureViewController.m */ = {isa = PBXFileReference; lastKnownFileType = sourcecode.c.objc; path = OpenGLMultitextureViewController.m; sourceTree = "<group>"; };
/* End PBXFileReference section */

/* Begin PBXFrameworksBuildPhase section */
		7612147620A2C7D800A1FDD2 /* Frameworks */ = {
			isa = PBXFrameworksBuildPhase;
			buildActionMask = 2147483647;
			files = (
			);
			runOnlyForDeploymentPostprocessing = 0;
		};
/* End PBXFrameworksBuildPhase section */

/* Begin PBXGroup section */
		7612147020A2C7D800A1FDD2 = {
			isa = PBXGroup;
			children = (
				7612147B20A2C7D800A1FDD2 /* 纹理取样循环多重纹理 */,
				7612147A20A2C7D800A1FDD2 /* Products */,
			);
			sourceTree = "<group>";
		};
		7612147A20A2C7D800A1FDD2 /* Products */ = {
			isa = PBXGroup;
			children = (
				7612147920A2C7D800A1FDD2 /* 纹理取样循环多重纹理.app */,
			);
			name = Products;
			sourceTree = "<group>";
		};
		7612147B20A2C7D800A1FDD2 /* 纹理取样循环多重纹理 */ = {
			isa = PBXGroup;
			children = (
				7612149720A2CEAA00A1FDD2 /* grid.png */,
				76B4B74820AAD017000F8BB5 /* beetle.png */,
				76B4B74920AAD017000F8BB5 /* leaves.gif */,
				7612147C20A2C7D800A1FDD2 /* AppDelegate.h */,
				7612147D20A2C7D800A1FDD2 /* AppDelegate.m */,
				76B4B74520AACC78000F8BB5 /* OpenGLBlendTestViewController.h */,
				76B4B74620AACC78000F8BB5 /* OpenGLBlendTestViewController.m */,
				76B4B74C20AAD3CB000F8BB5 /* OpenGLMultitextureViewController.h */,
				76B4B74D20AAD3CB000F8BB5 /* OpenGLMultitextureViewController.m */,
				7612149220A2CBF500A1FDD2 /* OpenGLES_3_2ViewController.h */,
				7612149320A2CBF500A1FDD2 /* OpenGLES_3_2ViewController.m */,
				7612149420A2CBF600A1FDD2 /* OpenGLES_3_2ViewController.xib */,
				7612147F20A2C7D800A1FDD2 /* ViewController.h */,
				7612148020A2C7D900A1FDD2 /* ViewController.m */,
				7612148220A2C7D900A1FDD2 /* Main.storyboard */,
				7612148520A2C7D900A1FDD2 /* Assets.xcassets */,
				7612148720A2C7D900A1FDD2 /* LaunchScreen.storyboard */,
				7612148A20A2C7D900A1FDD2 /* Info.plist */,
				7612148B20A2C7D900A1FDD2 /* main.m */,
			);
			path = "纹理取样循环多重纹理";
			sourceTree = "<group>";
		};
/* End PBXGroup section */

/* Begin PBXNativeTarget section */
		7612147820A2C7D800A1FDD2 /* 纹理取样循环多重纹理 */ = {
			isa = PBXNativeTarget;
			buildConfigurationList = 7612148F20A2C7D900A1FDD2 /* Build configuration list for PBXNativeTarget "纹理取样循环多重纹理" */;
			buildPhases = (
				7612147520A2C7D800A1FDD2 /* Sources */,
				7612147620A2C7D800A1FDD2 /* Frameworks */,
				7612147720A2C7D800A1FDD2 /* Resources */,
			);
			buildRules = (
			);
			dependencies = (
			);
			name = "纹理取样循环多重纹理";
			productName = "纹理取样循环多重纹理";
			productReference = 7612147920A2C7D800A1FDD2 /* 纹理取样循环多重纹理.app */;
			productType = "com.apple.product-type.application";
		};
/* End PBXNativeTarget section */

/* Begin PBXProject section */
		7612147120A2C7D800A1FDD2 /* Project object */ = {
			isa = PBXProject;
			attributes = {
				LastUpgradeCheck = 0920;
				ORGANIZATIONNAME = AnDong;
				TargetAttributes = {
					7612147820A2C7D800A1FDD2 = {
						CreatedOnToolsVersion = 9.2;
						ProvisioningStyle = Automatic;
					};
				};
			};
			buildConfigurationList = 7612147420A2C7D800A1FDD2 /* Build configuration list for PBXProject "纹理取样循环多重纹理" */;
			compatibilityVersion = "Xcode 8.0";
			developmentRegion = en;
			hasScannedForEncodings = 0;
			knownRegions = (
				en,
				Base,
			);
			mainGroup = 7612147020A2C7D800A1FDD2;
			productRefGroup = 7612147A20A2C7D800A1FDD2 /* Products */;
			projectDirPath = "";
			projectRoot = "";
			targets = (
				7612147820A2C7D800A1FDD2 /* 纹理取样循环多重纹理 */,
			);
		};
/* End PBXProject section */

/* Begin PBXResourcesBuildPhase section */
		7612147720A2C7D800A1FDD2 /* Resources */ = {
			isa = PBXResourcesBuildPhase;
			buildActionMask = 2147483647;
			files = (
				7612148920A2C7D900A1FDD2 /* LaunchScreen.storyboard in Resources */,
				7612149820A2CEAA00A1FDD2 /* grid.png in Resources */,
				7612148620A2C7D900A1FDD2 /* Assets.xcassets in Resources */,
				76B4B74B20AAD017000F8BB5 /* leaves.gif in Resources */,
				7612149620A2CBF600A1FDD2 /* OpenGLES_3_2ViewController.xib in Resources */,
				7612148420A2C7D900A1FDD2 /* Main.storyboard in Resources */,
				76B4B74A20AAD017000F8BB5 /* beetle.png in Resources */,
			);
			runOnlyForDeploymentPostprocessing = 0;
		};
/* End PBXResourcesBuildPhase section */

/* Begin PBXSourcesBuildPhase section */
		7612147520A2C7D800A1FDD2 /* Sources */ = {
			isa = PBXSourcesBuildPhase;
			buildActionMask = 2147483647;
			files = (
				7612148120A2C7D900A1FDD2 /* ViewController.m in Sources */,
				76B4B74E20AAD3CB000F8BB5 /* OpenGLMultitextureViewController.m in Sources */,
				7612148C20A2C7D900A1FDD2 /* main.m in Sources */,
				7612149520A2CBF600A1FDD2 /* OpenGLES_3_2ViewController.m in Sources */,
				7612147E20A2C7D800A1FDD2 /* AppDelegate.m in Sources */,
				76B4B74720AACC78000F8BB5 /* OpenGLBlendTestViewController.m in Sources */,
			);
			runOnlyForDeploymentPostprocessing = 0;
		};
/* End PBXSourcesBuildPhase section */

/* Begin PBXVariantGroup section */
		7612148220A2C7D900A1FDD2 /* Main.storyboard */ = {
			isa = PBXVariantGroup;
			children = (
				7612148320A2C7D900A1FDD2 /* Base */,
			);
			name = Main.storyboard;
			sourceTree = "<group>";
		};
		7612148720A2C7D900A1FDD2 /* LaunchScreen.storyboard */ = {
			isa = PBXVariantGroup;
			children = (
				7612148820A2C7D900A1FDD2 /* Base */,
			);
			name = LaunchScreen.storyboard;
			sourceTree = "<group>";
		};
/* End PBXVariantGroup section */

/* Begin XCBuildConfiguration section */
		7612148D20A2C7D900A1FDD2 /* Debug */ = {
			isa = XCBuildConfiguration;
			buildSettings = {
				ALWAYS_SEARCH_USER_PATHS = NO;
				CLANG_ANALYZER_NONNULL = YES;
				CLANG_ANALYZER_NUMBER_OBJECT_CONVERSION = YES_AGGRESSIVE;
				CLANG_CXX_LANGUAGE_STANDARD = "gnu++14";
				CLANG_CXX_LIBRARY = "libc++";
				CLANG_ENABLE_MODULES = YES;
				CLANG_ENABLE_OBJC_ARC = YES;
				CLANG_WARN_BLOCK_CAPTURE_AUTORELEASING = YES;
				CLANG_WARN_BOOL_CONVERSION = YES;
				CLANG_WARN_COMMA = YES;
				CLANG_WARN_CONSTANT_CONVERSION = YES;
				CLANG_WARN_DIRECT_OBJC_ISA_USAGE = YES_ERROR;
				CLANG_WARN_DOCUMENTATION_COMMENTS = YES;
				CLANG_WARN_EMPTY_BODY = YES;
				CLANG_WARN_ENUM_CONVERSION = YES;
				CLANG_WARN_INFINITE_RECURSION = YES;
				CLANG_WARN_INT_CONVERSION = YES;
				CLANG_WARN_NON_LITERAL_NULL_CONVERSION = YES;
				CLANG_WARN_OBJC_LITERAL_CONVERSION = YES;
				CLANG_WARN_OBJC_ROOT_CLASS = YES_ERROR;
				CLANG_WARN_RANGE_LOOP_ANALYSIS = YES;
				CLANG_WARN_STRICT_PROTOTYPES = YES;
				CLANG_WARN_SUSPICIOUS_MOVE = YES;
				CLANG_WARN_UNGUARDED_AVAILABILITY = YES_AGGRESSIVE;
				CLANG_WARN_UNREACHABLE_CODE = YES;
				CLANG_WARN__DUPLICATE_METHOD_MATCH = YES;
				CODE_SIGN_IDENTITY = "iPhone Developer";
				COPY_PHASE_STRIP = NO;
				DEBUG_INFORMATION_FORMAT = dwarf;
				ENABLE_STRICT_OBJC_MSGSEND = YES;
				ENABLE_TESTABILITY = YES;
				GCC_C_LANGUAGE_STANDARD = gnu11;
				GCC_DYNAMIC_NO_PIC = NO;
				GCC_NO_COMMON_BLOCKS = YES;
				GCC_OPTIMIZATION_LEVEL = 0;
				GCC_PREPROCESSOR_DEFINITIONS = (
					"DEBUG=1",
					"$(inherited)",
				);
				GCC_WARN_64_TO_32_BIT_CONVERSION = YES;
				GCC_WARN_ABOUT_RETURN_TYPE = YES_ERROR;
				GCC_WARN_UNDECLARED_SELECTOR = YES;
				GCC_WARN_UNINITIALIZED_AUTOS = YES_AGGRESSIVE;
				GCC_WARN_UNUSED_FUNCTION = YES;
				GCC_WARN_UNUSED_VARIABLE = YES;
				IPHONEOS_DEPLOYMENT_TARGET = 11.2;
				MTL_ENABLE_DEBUG_INFO = YES;
				ONLY_ACTIVE_ARCH = YES;
				SDKROOT = iphoneos;
			};
			name = Debug;
		};
		7612148E20A2C7D900A1FDD2 /* Release */ = {
			isa = XCBuildConfiguration;
			buildSettings = {
				ALWAYS_SEARCH_USER_PATHS = NO;
				CLANG_ANALYZER_NONNULL = YES;
				CLANG_ANALYZER_NUMBER_OBJECT_CONVERSION = YES_AGGRESSIVE;
				CLANG_CXX_LANGUAGE_STANDARD = "gnu++14";
				CLANG_CXX_LIBRARY = "libc++";
				CLANG_ENABLE_MODULES = YES;
				CLANG_ENABLE_OBJC_ARC = YES;
				CLANG_WARN_BLOCK_CAPTURE_AUTORELEASING = YES;
				CLANG_WARN_BOOL_CONVERSION = YES;
				CLANG_WARN_COMMA = YES;
				CLANG_WARN_CONSTANT_CONVERSION = YES;
				CLANG_WARN_DIRECT_OBJC_ISA_USAGE = YES_ERROR;
				CLANG_WARN_DOCUMENTATION_COMMENTS = YES;
				CLANG_WARN_EMPTY_BODY = YES;
				CLANG_WARN_ENUM_CONVERSION = YES;
				CLANG_WARN_INFINITE_RECURSION = YES;
				CLANG_WARN_INT_CONVERSION = YES;
				CLANG_WARN_NON_LITERAL_NULL_CONVERSION = YES;
				CLANG_WARN_OBJC_LITERAL_CONVERSION = YES;
				CLANG_WARN_OBJC_ROOT_CLASS = YES_ERROR;
				CLANG_WARN_RANGE_LOOP_ANALYSIS = YES;
				CLANG_WARN_STRICT_PROTOTYPES = YES;
				CLANG_WARN_SUSPICIOUS_MOVE = YES;
				CLANG_WARN_UNGUARDED_AVAILABILITY = YES_AGGRESSIVE;
				CLANG_WARN_UNREACHABLE_CODE = YES;
				CLANG_WARN__DUPLICATE_METHOD_MATCH = YES;
				CODE_SIGN_IDENTITY = "iPhone Developer";
				COPY_PHASE_STRIP = NO;
				DEBUG_INFORMATION_FORMAT = "dwarf-with-dsym";
				ENABLE_NS_ASSERTIONS = NO;
				ENABLE_STRICT_OBJC_MSGSEND = YES;
				GCC_C_LANGUAGE_STANDARD = gnu11;
				GCC_NO_COMMON_BLOCKS = YES;
				GCC_WARN_64_TO_32_BIT_CONVERSION = YES;
				GCC_WARN_ABOUT_RETURN_TYPE = YES_ERROR;
				GCC_WARN_UNDECLARED_SELECTOR = YES;
				GCC_WARN_UNINITIALIZED_AUTOS = YES_AGGRESSIVE;
				GCC_WARN_UNUSED_FUNCTION = YES;
				GCC_WARN_UNUSED_VARIABLE = YES;
				IPHONEOS_DEPLOYMENT_TARGET = 11.2;
				MTL_ENABLE_DEBUG_INFO = NO;
				SDKROOT = iphoneos;
				VALIDATE_PRODUCT = YES;
			};
			name = Release;
		};
		7612149020A2C7D900A1FDD2 /* Debug */ = {
			isa = XCBuildConfiguration;
			buildSettings = {
				ASSETCATALOG_COMPILER_APPICON_NAME = AppIcon;
				CODE_SIGN_STYLE = Automatic;
				DEVELOPMENT_TEAM = F2347ZTV6T;
				INFOPLIST_FILE = "纹理取样循环多重纹理/Info.plist";
				LD_RUNPATH_SEARCH_PATHS = "$(inherited) @executable_path/Frameworks";
				PRODUCT_BUNDLE_IDENTIFIER = "ACE.----------";
				PRODUCT_NAME = "$(TARGET_NAME)";
				TARGETED_DEVICE_FAMILY = "1,2";
			};
			name = Debug;
		};
		7612149120A2C7D900A1FDD2 /* Release */ = {
			isa = XCBuildConfiguration;
			buildSettings = {
				ASSETCATALOG_COMPILER_APPICON_NAME = AppIcon;
				CODE_SIGN_STYLE = Automatic;
				DEVELOPMENT_TEAM = F2347ZTV6T;
				INFOPLIST_FILE = "纹理取样循环多重纹理/Info.plist";
				LD_RUNPATH_SEARCH_PATHS = "$(inherited) @executable_path/Frameworks";
				PRODUCT_BUNDLE_IDENTIFIER = "ACE.----------";
				PRODUCT_NAME = "$(TARGET_NAME)";
				TARGETED_DEVICE_FAMILY = "1,2";
			};
			name = Release;
		};
/* End XCBuildConfiguration section */

/* Begin XCConfigurationList section */
		7612147420A2C7D800A1FDD2 /* Build configuration list for PBXProject "纹理取样循环多重纹理" */ = {
			isa = XCConfigurationList;
			buildConfigurations = (
				7612148D20A2C7D900A1FDD2 /* Debug */,
				7612148E20A2C7D900A1FDD2 /* Release */,
			);
			defaultConfigurationIsVisible = 0;
			defaultConfigurationName = Release;
		};
		7612148F20A2C7D900A1FDD2 /* Build configuration list for PBXNativeTarget "纹理取样循环多重纹理" */ = {
			isa = XCConfigurationList;
			buildConfigurations = (
				7612149020A2C7D900A1FDD2 /* Debug */,
				7612149120A2C7D900A1FDD2 /* Release */,
			);
			defaultConfigurationIsVisible = 0;
			defaultConfigurationName = Release;
		};
/* End XCConfigurationList section */
	};
	rootObject = 7612147120A2C7D800A1FDD2 /* Project object */;
}
