// !$*UTF8*$!
{
	archiveVersion = 1;
	classes = {
	};
	objectVersion = 48;
	objects = {

/* Begin PBXBuildFile section */
		76A12F5920C65FAB00442E03 /* GLKit.framework in Frameworks */ = {isa = PBXBuildFile; fileRef = 76A12F5820C65FAB00442E03 /* GLKit.framework */; };
		76BD54A420BE8DC100BA5B3B /* AppDelegate.m in Sources */ = {isa = PBXBuildFile; fileRef = 76BD54A320BE8DC100BA5B3B /* AppDelegate.m */; };
		76BD54AA20BE8DC100BA5B3B /* Main.storyboard in Resources */ = {isa = PBXBuildFile; fileRef = 76BD54A820BE8DC100BA5B3B /* Main.storyboard */; };
		76BD54AC20BE8DC100BA5B3B /* Assets.xcassets in Resources */ = {isa = PBXBuildFile; fileRef = 76BD54AB20BE8DC100BA5B3B /* Assets.xcassets */; };
		76BD54AF20BE8DC100BA5B3B /* LaunchScreen.storyboard in Resources */ = {isa = PBXBuildFile; fileRef = 76BD54AD20BE8DC100BA5B3B /* LaunchScreen.storyboard */; };
		76BD54B220BE8DC100BA5B3B /* main.m in Sources */ = {isa = PBXBuildFile; fileRef = 76BD54B120BE8DC100BA5B3B /* main.m */; };
		76D29EA720CF6736009D8C61 /* OpenGLES_LightDemoViewController.m in Sources */ = {isa = PBXBuildFile; fileRef = 76D29EA520CF6736009D8C61 /* OpenGLES_LightDemoViewController.m */; };
		76D29EA820CF6736009D8C61 /* OpenGLES_LightDemoViewController.xib in Resources */ = {isa = PBXBuildFile; fileRef = 76D29EA620CF6736009D8C61 /* OpenGLES_LightDemoViewController.xib */; };
/* End PBXBuildFile section */

/* Begin PBXFileReference section */
		76A12F5820C65FAB00442E03 /* GLKit.framework */ = {isa = PBXFileReference; lastKnownFileType = wrapper.framework; name = GLKit.framework; path = System/Library/Frameworks/GLKit.framework; sourceTree = SDKROOT; };
		76BD549F20BE8DC100BA5B3B /* 灯光.app */ = {isa = PBXFileReference; explicitFileType = wrapper.application; includeInIndex = 0; path = "灯光.app"; sourceTree = BUILT_PRODUCTS_DIR; };
		76BD54A220BE8DC100BA5B3B /* AppDelegate.h */ = {isa = PBXFileReference; lastKnownFileType = sourcecode.c.h; path = AppDelegate.h; sourceTree = "<group>"; };
		76BD54A320BE8DC100BA5B3B /* AppDelegate.m */ = {isa = PBXFileReference; lastKnownFileType = sourcecode.c.objc; path = AppDelegate.m; sourceTree = "<group>"; };
		76BD54A920BE8DC100BA5B3B /* Base */ = {isa = PBXFileReference; lastKnownFileType = file.storyboard; name = Base; path = Base.lproj/Main.storyboard; sourceTree = "<group>"; };
		76BD54AB20BE8DC100BA5B3B /* Assets.xcassets */ = {isa = PBXFileReference; lastKnownFileType = folder.assetcatalog; path = Assets.xcassets; sourceTree = "<group>"; };
		76BD54AE20BE8DC100BA5B3B /* Base */ = {isa = PBXFileReference; lastKnownFileType = file.storyboard; name = Base; path = Base.lproj/LaunchScreen.storyboard; sourceTree = "<group>"; };
		76BD54B020BE8DC100BA5B3B /* Info.plist */ = {isa = PBXFileReference; lastKnownFileType = text.plist.xml; path = Info.plist; sourceTree = "<group>"; };
		76BD54B120BE8DC100BA5B3B /* main.m */ = {isa = PBXFileReference; lastKnownFileType = sourcecode.c.objc; path = main.m; sourceTree = "<group>"; };
		76D29EA420CF6736009D8C61 /* OpenGLES_LightDemoViewController.h */ = {isa = PBXFileReference; lastKnownFileType = sourcecode.c.h; path = OpenGLES_LightDemoViewController.h; sourceTree = "<group>"; };
		76D29EA520CF6736009D8C61 /* OpenGLES_LightDemoViewController.m */ = {isa = PBXFileReference; lastKnownFileType = sourcecode.c.objc; path = OpenGLES_LightDemoViewController.m; sourceTree = "<group>"; };
		76D29EA620CF6736009D8C61 /* OpenGLES_LightDemoViewController.xib */ = {isa = PBXFileReference; lastKnownFileType = file.xib; path = OpenGLES_LightDemoViewController.xib; sourceTree = "<group>"; };
/* End PBXFileReference section */

/* Begin PBXFrameworksBuildPhase section */
		76BD549C20BE8DC100BA5B3B /* Frameworks */ = {
			isa = PBXFrameworksBuildPhase;
			buildActionMask = 2147483647;
			files = (
				76A12F5920C65FAB00442E03 /* GLKit.framework in Frameworks */,
			);
			runOnlyForDeploymentPostprocessing = 0;
		};
/* End PBXFrameworksBuildPhase section */

/* Begin PBXGroup section */
		76A12F5720C65FAB00442E03 /* Frameworks */ = {
			isa = PBXGroup;
			children = (
				76A12F5820C65FAB00442E03 /* GLKit.framework */,
			);
			name = Frameworks;
			sourceTree = "<group>";
		};
		76BD549620BE8DC100BA5B3B = {
			isa = PBXGroup;
			children = (
				76BD54A120BE8DC100BA5B3B /* 灯光 */,
				76BD54A020BE8DC100BA5B3B /* Products */,
				76A12F5720C65FAB00442E03 /* Frameworks */,
			);
			sourceTree = "<group>";
		};
		76BD54A020BE8DC100BA5B3B /* Products */ = {
			isa = PBXGroup;
			children = (
				76BD549F20BE8DC100BA5B3B /* 灯光.app */,
			);
			name = Products;
			sourceTree = "<group>";
		};
		76BD54A120BE8DC100BA5B3B /* 灯光 */ = {
			isa = PBXGroup;
			children = (
				76BD54A220BE8DC100BA5B3B /* AppDelegate.h */,
				76BD54A320BE8DC100BA5B3B /* AppDelegate.m */,
				76D29EA420CF6736009D8C61 /* OpenGLES_LightDemoViewController.h */,
				76D29EA520CF6736009D8C61 /* OpenGLES_LightDemoViewController.m */,
				76D29EA620CF6736009D8C61 /* OpenGLES_LightDemoViewController.xib */,
				76BD54A820BE8DC100BA5B3B /* Main.storyboard */,
				76BD54AB20BE8DC100BA5B3B /* Assets.xcassets */,
				76BD54AD20BE8DC100BA5B3B /* LaunchScreen.storyboard */,
				76BD54B020BE8DC100BA5B3B /* Info.plist */,
				76BD54B120BE8DC100BA5B3B /* main.m */,
			);
			path = "灯光";
			sourceTree = "<group>";
		};
/* End PBXGroup section */

/* Begin PBXNativeTarget section */
		76BD549E20BE8DC100BA5B3B /* 灯光 */ = {
			isa = PBXNativeTarget;
			buildConfigurationList = 76BD54B520BE8DC100BA5B3B /* Build configuration list for PBXNativeTarget "灯光" */;
			buildPhases = (
				76BD549B20BE8DC100BA5B3B /* Sources */,
				76BD549C20BE8DC100BA5B3B /* Frameworks */,
				76BD549D20BE8DC100BA5B3B /* Resources */,
			);
			buildRules = (
			);
			dependencies = (
			);
			name = "灯光";
			productName = "灯光";
			productReference = 76BD549F20BE8DC100BA5B3B /* 灯光.app */;
			productType = "com.apple.product-type.application";
		};
/* End PBXNativeTarget section */

/* Begin PBXProject section */
		76BD549720BE8DC100BA5B3B /* Project object */ = {
			isa = PBXProject;
			attributes = {
				LastUpgradeCheck = 0920;
				ORGANIZATIONNAME = AnDong;
				TargetAttributes = {
					76BD549E20BE8DC100BA5B3B = {
						CreatedOnToolsVersion = 9.2;
						ProvisioningStyle = Automatic;
					};
				};
			};
			buildConfigurationList = 76BD549A20BE8DC100BA5B3B /* Build configuration list for PBXProject "灯光" */;
			compatibilityVersion = "Xcode 8.0";
			developmentRegion = en;
			hasScannedForEncodings = 0;
			knownRegions = (
				en,
				Base,
			);
			mainGroup = 76BD549620BE8DC100BA5B3B;
			productRefGroup = 76BD54A020BE8DC100BA5B3B /* Products */;
			projectDirPath = "";
			projectRoot = "";
			targets = (
				76BD549E20BE8DC100BA5B3B /* 灯光 */,
			);
		};
/* End PBXProject section */

/* Begin PBXResourcesBuildPhase section */
		76BD549D20BE8DC100BA5B3B /* Resources */ = {
			isa = PBXResourcesBuildPhase;
			buildActionMask = 2147483647;
			files = (
				76BD54AF20BE8DC100BA5B3B /* LaunchScreen.storyboard in Resources */,
				76BD54AC20BE8DC100BA5B3B /* Assets.xcassets in Resources */,
				76D29EA820CF6736009D8C61 /* OpenGLES_LightDemoViewController.xib in Resources */,
				76BD54AA20BE8DC100BA5B3B /* Main.storyboard in Resources */,
			);
			runOnlyForDeploymentPostprocessing = 0;
		};
/* End PBXResourcesBuildPhase section */

/* Begin PBXSourcesBuildPhase section */
		76BD549B20BE8DC100BA5B3B /* Sources */ = {
			isa = PBXSourcesBuildPhase;
			buildActionMask = 2147483647;
			files = (
				76BD54B220BE8DC100BA5B3B /* main.m in Sources */,
				76D29EA720CF6736009D8C61 /* OpenGLES_LightDemoViewController.m in Sources */,
				76BD54A420BE8DC100BA5B3B /* AppDelegate.m in Sources */,
			);
			runOnlyForDeploymentPostprocessing = 0;
		};
/* End PBXSourcesBuildPhase section */

/* Begin PBXVariantGroup section */
		76BD54A820BE8DC100BA5B3B /* Main.storyboard */ = {
			isa = PBXVariantGroup;
			children = (
				76BD54A920BE8DC100BA5B3B /* Base */,
			);
			name = Main.storyboard;
			sourceTree = "<group>";
		};
		76BD54AD20BE8DC100BA5B3B /* LaunchScreen.storyboard */ = {
			isa = PBXVariantGroup;
			children = (
				76BD54AE20BE8DC100BA5B3B /* Base */,
			);
			name = LaunchScreen.storyboard;
			sourceTree = "<group>";
		};
/* End PBXVariantGroup section */

/* Begin XCBuildConfiguration section */
		76BD54B320BE8DC100BA5B3B /* Debug */ = {
			isa = XCBuildConfiguration;
			buildSettings = {
				ALWAYS_SEARCH_USER_PATHS = NO;
				CLANG_ANALYZER_NONNULL = YES;
				CLANG_ANALYZER_NUMBER_OBJECT_CONVERSION = YES_AGGRESSIVE;
				CLANG_CXX_LANGUAGE_STANDARD = "gnu++14";
				CLANG_CXX_LIBRARY = "libc++";
				CLANG_ENABLE_MODULES = YES;
				CLANG_ENABLE_OBJC_ARC = YES;
				CLANG_WARN_BLOCK_CAPTURE_AUTORELEASING = YES;
				CLANG_WARN_BOOL_CONVERSION = YES;
				CLANG_WARN_COMMA = YES;
				CLANG_WARN_CONSTANT_CONVERSION = YES;
				CLANG_WARN_DIRECT_OBJC_ISA_USAGE = YES_ERROR;
				CLANG_WARN_DOCUMENTATION_COMMENTS = YES;
				CLANG_WARN_EMPTY_BODY = YES;
				CLANG_WARN_ENUM_CONVERSION = YES;
				CLANG_WARN_INFINITE_RECURSION = YES;
				CLANG_WARN_INT_CONVERSION = YES;
				CLANG_WARN_NON_LITERAL_NULL_CONVERSION = YES;
				CLANG_WARN_OBJC_LITERAL_CONVERSION = YES;
				CLANG_WARN_OBJC_ROOT_CLASS = YES_ERROR;
				CLANG_WARN_RANGE_LOOP_ANALYSIS = YES;
				CLANG_WARN_STRICT_PROTOTYPES = YES;
				CLANG_WARN_SUSPICIOUS_MOVE = YES;
				CLANG_WARN_UNGUARDED_AVAILABILITY = YES_AGGRESSIVE;
				CLANG_WARN_UNREACHABLE_CODE = YES;
				CLANG_WARN__DUPLICATE_METHOD_MATCH = YES;
				CODE_SIGN_IDENTITY = "iPhone Developer";
				COPY_PHASE_STRIP = NO;
				DEBUG_INFORMATION_FORMAT = dwarf;
				ENABLE_STRICT_OBJC_MSGSEND = YES;
				ENABLE_TESTABILITY = YES;
				GCC_C_LANGUAGE_STANDARD = gnu11;
				GCC_DYNAMIC_NO_PIC = NO;
				GCC_NO_COMMON_BLOCKS = YES;
				GCC_OPTIMIZATION_LEVEL = 0;
				GCC_PREPROCESSOR_DEFINITIONS = (
					"DEBUG=1",
					"$(inherited)",
				);
				GCC_WARN_64_TO_32_BIT_CONVERSION = YES;
				GCC_WARN_ABOUT_RETURN_TYPE = YES_ERROR;
				GCC_WARN_UNDECLARED_SELECTOR = YES;
				GCC_WARN_UNINITIALIZED_AUTOS = YES_AGGRESSIVE;
				GCC_WARN_UNUSED_FUNCTION = YES;
				GCC_WARN_UNUSED_VARIABLE = YES;
				IPHONEOS_DEPLOYMENT_TARGET = 11.2;
				MTL_ENABLE_DEBUG_INFO = YES;
				ONLY_ACTIVE_ARCH = YES;
				SDKROOT = iphoneos;
			};
			name = Debug;
		};
		76BD54B420BE8DC100BA5B3B /* Release */ = {
			isa = XCBuildConfiguration;
			buildSettings = {
				ALWAYS_SEARCH_USER_PATHS = NO;
				CLANG_ANALYZER_NONNULL = YES;
				CLANG_ANALYZER_NUMBER_OBJECT_CONVERSION = YES_AGGRESSIVE;
				CLANG_CXX_LANGUAGE_STANDARD = "gnu++14";
				CLANG_CXX_LIBRARY = "libc++";
				CLANG_ENABLE_MODULES = YES;
				CLANG_ENABLE_OBJC_ARC = YES;
				CLANG_WARN_BLOCK_CAPTURE_AUTORELEASING = YES;
				CLANG_WARN_BOOL_CONVERSION = YES;
				CLANG_WARN_COMMA = YES;
				CLANG_WARN_CONSTANT_CONVERSION = YES;
				CLANG_WARN_DIRECT_OBJC_ISA_USAGE = YES_ERROR;
				CLANG_WARN_DOCUMENTATION_COMMENTS = YES;
				CLANG_WARN_EMPTY_BODY = YES;
				CLANG_WARN_ENUM_CONVERSION = YES;
				CLANG_WARN_INFINITE_RECURSION = YES;
				CLANG_WARN_INT_CONVERSION = YES;
				CLANG_WARN_NON_LITERAL_NULL_CONVERSION = YES;
				CLANG_WARN_OBJC_LITERAL_CONVERSION = YES;
				CLANG_WARN_OBJC_ROOT_CLASS = YES_ERROR;
				CLANG_WARN_RANGE_LOOP_ANALYSIS = YES;
				CLANG_WARN_STRICT_PROTOTYPES = YES;
				CLANG_WARN_SUSPICIOUS_MOVE = YES;
				CLANG_WARN_UNGUARDED_AVAILABILITY = YES_AGGRESSIVE;
				CLANG_WARN_UNREACHABLE_CODE = YES;
				CLANG_WARN__DUPLICATE_METHOD_MATCH = YES;
				CODE_SIGN_IDENTITY = "iPhone Developer";
				COPY_PHASE_STRIP = NO;
				DEBUG_INFORMATION_FORMAT = "dwarf-with-dsym";
				ENABLE_NS_ASSERTIONS = NO;
				ENABLE_STRICT_OBJC_MSGSEND = YES;
				GCC_C_LANGUAGE_STANDARD = gnu11;
				GCC_NO_COMMON_BLOCKS = YES;
				GCC_WARN_64_TO_32_BIT_CONVERSION = YES;
				GCC_WARN_ABOUT_RETURN_TYPE = YES_ERROR;
				GCC_WARN_UNDECLARED_SELECTOR = YES;
				GCC_WARN_UNINITIALIZED_AUTOS = YES_AGGRESSIVE;
				GCC_WARN_UNUSED_FUNCTION = YES;
				GCC_WARN_UNUSED_VARIABLE = YES;
				IPHONEOS_DEPLOYMENT_TARGET = 11.2;
				MTL_ENABLE_DEBUG_INFO = NO;
				SDKROOT = iphoneos;
				VALIDATE_PRODUCT = YES;
			};
			name = Release;
		};
		76BD54B620BE8DC100BA5B3B /* Debug */ = {
			isa = XCBuildConfiguration;
			buildSettings = {
				ASSETCATALOG_COMPILER_APPICON_NAME = AppIcon;
				CODE_SIGN_STYLE = Automatic;
				DEVELOPMENT_TEAM = F2347ZTV6T;
				INFOPLIST_FILE = "灯光/Info.plist";
				LD_RUNPATH_SEARCH_PATHS = "$(inherited) @executable_path/Frameworks";
				PRODUCT_BUNDLE_IDENTIFIER = "ACE.--";
				PRODUCT_NAME = "$(TARGET_NAME)";
				TARGETED_DEVICE_FAMILY = "1,2";
			};
			name = Debug;
		};
		76BD54B720BE8DC100BA5B3B /* Release */ = {
			isa = XCBuildConfiguration;
			buildSettings = {
				ASSETCATALOG_COMPILER_APPICON_NAME = AppIcon;
				CODE_SIGN_STYLE = Automatic;
				DEVELOPMENT_TEAM = F2347ZTV6T;
				INFOPLIST_FILE = "灯光/Info.plist";
				LD_RUNPATH_SEARCH_PATHS = "$(inherited) @executable_path/Frameworks";
				PRODUCT_BUNDLE_IDENTIFIER = "ACE.--";
				PRODUCT_NAME = "$(TARGET_NAME)";
				TARGETED_DEVICE_FAMILY = "1,2";
			};
			name = Release;
		};
/* End XCBuildConfiguration section */

/* Begin XCConfigurationList section */
		76BD549A20BE8DC100BA5B3B /* Build configuration list for PBXProject "灯光" */ = {
			isa = XCConfigurationList;
			buildConfigurations = (
				76BD54B320BE8DC100BA5B3B /* Debug */,
				76BD54B420BE8DC100BA5B3B /* Release */,
			);
			defaultConfigurationIsVisible = 0;
			defaultConfigurationName = Release;
		};
		76BD54B520BE8DC100BA5B3B /* Build configuration list for PBXNativeTarget "灯光" */ = {
			isa = XCConfigurationList;
			buildConfigurations = (
				76BD54B620BE8DC100BA5B3B /* Debug */,
				76BD54B720BE8DC100BA5B3B /* Release */,
			);
			defaultConfigurationIsVisible = 0;
			defaultConfigurationName = Release;
		};
/* End XCConfigurationList section */
	};
	rootObject = 76BD549720BE8DC100BA5B3B /* Project object */;
}
